// !$*UTF8*$!
{
	archiveVersion = 1;
	classes = {
	};
	objectVersion = 55;
	objects = {

/* Begin PBXBuildFile section */
		1B0F7C9827DEC37700A9D973 /* DesignCodeiOS15App.swift in Sources */ = {isa = PBXBuildFile; fileRef = 1B0F7C9727DEC37700A9D973 /* DesignCodeiOS15App.swift */; };
		1B0F7C9A27DEC37700A9D973 /* ContentView.swift in Sources */ = {isa = PBXBuildFile; fileRef = 1B0F7C9927DEC37700A9D973 /* ContentView.swift */; };
		1B0F7C9C27DEC37900A9D973 /* Assets.xcassets in Resources */ = {isa = PBXBuildFile; fileRef = 1B0F7C9B27DEC37900A9D973 /* Assets.xcassets */; };
		1B0F7C9F27DEC37900A9D973 /* Preview Assets.xcassets in Resources */ = {isa = PBXBuildFile; fileRef = 1B0F7C9E27DEC37900A9D973 /* Preview Assets.xcassets */; };
		1B0F7CA927DEC37900A9D973 /* DesignCodeiOS15Tests.swift in Sources */ = {isa = PBXBuildFile; fileRef = 1B0F7CA827DEC37900A9D973 /* DesignCodeiOS15Tests.swift */; };
		1B0F7CB327DEC37900A9D973 /* DesignCodeiOS15UITests.swift in Sources */ = {isa = PBXBuildFile; fileRef = 1B0F7CB227DEC37900A9D973 /* DesignCodeiOS15UITests.swift */; };
		1B0F7CB527DEC37900A9D973 /* DesignCodeiOS15UITestsLaunchTests.swift in Sources */ = {isa = PBXBuildFile; fileRef = 1B0F7CB427DEC37900A9D973 /* DesignCodeiOS15UITestsLaunchTests.swift */; };
		1B33944927E9100F0016F785 /* Tab.swift in Sources */ = {isa = PBXBuildFile; fileRef = 1B33944827E9100F0016F785 /* Tab.swift */; };
		1B3749F227FB33DE00AA7DB9 /* SearchView.swift in Sources */ = {isa = PBXBuildFile; fileRef = 1B3749F127FB33DE00AA7DB9 /* SearchView.swift */; };
		1B3749F427FB477F00AA7DB9 /* Suggestion.swift in Sources */ = {isa = PBXBuildFile; fileRef = 1B3749F327FB477F00AA7DB9 /* Suggestion.swift */; };
		1B3749F627FD1C9E00AA7DB9 /* SignUpView.swift in Sources */ = {isa = PBXBuildFile; fileRef = 1B3749F527FD1C9E00AA7DB9 /* SignUpView.swift */; };
		1B3749F827FFA1E200AA7DB9 /* AngularButtonStyle.swift in Sources */ = {isa = PBXBuildFile; fileRef = 1B3749F727FFA1E200AA7DB9 /* AngularButtonStyle.swift */; };
		1B4FB61027E925CF0092E8EE /* HomeView.swift in Sources */ = {isa = PBXBuildFile; fileRef = 1B4FB60F27E925CF0092E8EE /* HomeView.swift */; };
		1B4FB61727EE460E0092E8EE /* FeaturedItem.swift in Sources */ = {isa = PBXBuildFile; fileRef = 1B4FB61627EE460E0092E8EE /* FeaturedItem.swift */; };
		1B4FB61927EE47DC0092E8EE /* NavigationBar.swift in Sources */ = {isa = PBXBuildFile; fileRef = 1B4FB61827EE47DC0092E8EE /* NavigationBar.swift */; };
		1B4FB61B27F0EBF90092E8EE /* PreferenceKeys.swift in Sources */ = {isa = PBXBuildFile; fileRef = 1B4FB61A27F0EBF90092E8EE /* PreferenceKeys.swift */; };
		1B4FB61E27F0FEE00092E8EE /* AnimatableFontModifier.swift in Sources */ = {isa = PBXBuildFile; fileRef = 1B4FB61D27F0FEE00092E8EE /* AnimatableFontModifier.swift */; };
		1B4FB62027F102570092E8EE /* Course.swift in Sources */ = {isa = PBXBuildFile; fileRef = 1B4FB61F27F102570092E8EE /* Course.swift */; };
		1B4FB62427F11AC70092E8EE /* CourseItem.swift in Sources */ = {isa = PBXBuildFile; fileRef = 1B4FB62327F11AC70092E8EE /* CourseItem.swift */; };
		1B4FB62627F11BB30092E8EE /* CourseView.swift in Sources */ = {isa = PBXBuildFile; fileRef = 1B4FB62527F11BB30092E8EE /* CourseView.swift */; };
		1B4FB62827F1229F0092E8EE /* Animations.swift in Sources */ = {isa = PBXBuildFile; fileRef = 1B4FB62727F1229F0092E8EE /* Animations.swift */; };
		1B4FB62A27F15E8D0092E8EE /* Model.swift in Sources */ = {isa = PBXBuildFile; fileRef = 1B4FB62927F15E8D0092E8EE /* Model.swift */; };
		1B5608BD280E1028006F26DA /* CourseSection.swift in Sources */ = {isa = PBXBuildFile; fileRef = 1B5608BC280E1028006F26DA /* CourseSection.swift */; };
		1B5608BF280E1092006F26DA /* SectionRow.swift in Sources */ = {isa = PBXBuildFile; fileRef = 1B5608BE280E1092006F26DA /* SectionRow.swift */; };
		1B5608C1280E125C006F26DA /* SectionView.swift in Sources */ = {isa = PBXBuildFile; fileRef = 1B5608C0280E125C006F26DA /* SectionView.swift */; };
		1B5608C32815D59E006F26DA /* PlayView.swift in Sources */ = {isa = PBXBuildFile; fileRef = 1B5608C22815D59D006F26DA /* PlayView.swift */; };
		1B5608C52815D98A006F26DA /* ExploreView.swift in Sources */ = {isa = PBXBuildFile; fileRef = 1B5608C42815D98A006F26DA /* ExploreView.swift */; };
		1B5608C728160996006F26DA /* SmallCourseItem.swift in Sources */ = {isa = PBXBuildFile; fileRef = 1B5608C628160996006F26DA /* SmallCourseItem.swift */; };
		1B5608C9281621B7006F26DA /* Handbook.swift in Sources */ = {isa = PBXBuildFile; fileRef = 1B5608C8281621B7006F26DA /* Handbook.swift */; };
		1B5608CB2816220D006F26DA /* HandbookItem.swift in Sources */ = {isa = PBXBuildFile; fileRef = 1B5608CA2816220D006F26DA /* HandbookItem.swift */; };
		1B5608CD28162794006F26DA /* Topic.swift in Sources */ = {isa = PBXBuildFile; fileRef = 1B5608CC28162794006F26DA /* Topic.swift */; };
		1B5608CF281627BF006F26DA /* ListRow.swift in Sources */ = {isa = PBXBuildFile; fileRef = 1B5608CE281627BF006F26DA /* ListRow.swift */; };
		1B5608D728162E5A006F26DA /* NotificationsView.swift in Sources */ = {isa = PBXBuildFile; fileRef = 1B5608D628162E5A006F26DA /* NotificationsView.swift */; };
		1B5608D928162F2A006F26DA /* LibraryView.swift in Sources */ = {isa = PBXBuildFile; fileRef = 1B5608D828162F2A006F26DA /* LibraryView.swift */; };
		1B5608DB28162F7B006F26DA /* CertificateView.swift in Sources */ = {isa = PBXBuildFile; fileRef = 1B5608DA28162F7B006F26DA /* CertificateView.swift */; };
		1BB9F4BA27E7BAE2007282A3 /* Styles.swift in Sources */ = {isa = PBXBuildFile; fileRef = 1BB9F4B927E7BAE2007282A3 /* Styles.swift */; };
		1BB9F4BC27E808B8007282A3 /* AccountView.swift in Sources */ = {isa = PBXBuildFile; fileRef = 1BB9F4BB27E808B8007282A3 /* AccountView.swift */; };
		1BB9F4BE27E8231E007282A3 /* HexagonView.swift in Sources */ = {isa = PBXBuildFile; fileRef = 1BB9F4BD27E8231E007282A3 /* HexagonView.swift */; };
		1BB9F4C027E83559007282A3 /* BlobView.swift in Sources */ = {isa = PBXBuildFile; fileRef = 1BB9F4BF27E83559007282A3 /* BlobView.swift */; };
		1BB9F4C227E9097A007282A3 /* TabBar.swift in Sources */ = {isa = PBXBuildFile; fileRef = 1BB9F4C127E9097A007282A3 /* TabBar.swift */; };
		1BC9B0A327FFB7BD00824DA3 /* InputStyle.swift in Sources */ = {isa = PBXBuildFile; fileRef = 1BC9B0A227FFB7BD00824DA3 /* InputStyle.swift */; };
		1BC9B0A52802768200824DA3 /* ModalView.swift in Sources */ = {isa = PBXBuildFile; fileRef = 1BC9B0A42802768200824DA3 /* ModalView.swift */; };
		1BC9B0A72802773000824DA3 /* SignInView.swift in Sources */ = {isa = PBXBuildFile; fileRef = 1BC9B0A62802773000824DA3 /* SignInView.swift */; };
		1BC9B0AA2802888D00824DA3 /* AvatarView.swift in Sources */ = {isa = PBXBuildFile; fileRef = 1BC9B0A92802888D00824DA3 /* AvatarView.swift */; };
		1BC9B0AC280B4E2F00824DA3 /* Address.swift in Sources */ = {isa = PBXBuildFile; fileRef = 1BC9B0AB280B4E2F00824DA3 /* Address.swift */; };
		1BC9B0AE280B4FF300824DA3 /* Coin.swift in Sources */ = {isa = PBXBuildFile; fileRef = 1BC9B0AD280B4FF300824DA3 /* Coin.swift */; };
		1BC9B0B2280E0CEF00824DA3 /* CircularView.swift in Sources */ = {isa = PBXBuildFile; fileRef = 1BC9B0B1280E0CEF00824DA3 /* CircularView.swift */; };
/* End PBXBuildFile section */

/* Begin PBXContainerItemProxy section */
		1B0F7CA527DEC37900A9D973 /* PBXContainerItemProxy */ = {
			isa = PBXContainerItemProxy;
			containerPortal = 1B0F7C8C27DEC37700A9D973 /* Project object */;
			proxyType = 1;
			remoteGlobalIDString = 1B0F7C9327DEC37700A9D973;
			remoteInfo = DesignCodeiOS15;
		};
		1B0F7CAF27DEC37900A9D973 /* PBXContainerItemProxy */ = {
			isa = PBXContainerItemProxy;
			containerPortal = 1B0F7C8C27DEC37700A9D973 /* Project object */;
			proxyType = 1;
			remoteGlobalIDString = 1B0F7C9327DEC37700A9D973;
			remoteInfo = DesignCodeiOS15;
		};
/* End PBXContainerItemProxy section */

/* Begin PBXFileReference section */
		1B0F7C9427DEC37700A9D973 /* DesignCode.app */ = {isa = PBXFileReference; explicitFileType = wrapper.application; includeInIndex = 0; path = DesignCode.app; sourceTree = BUILT_PRODUCTS_DIR; };
		1B0F7C9727DEC37700A9D973 /* DesignCodeiOS15App.swift */ = {isa = PBXFileReference; lastKnownFileType = sourcecode.swift; path = DesignCodeiOS15App.swift; sourceTree = "<group>"; };
		1B0F7C9927DEC37700A9D973 /* ContentView.swift */ = {isa = PBXFileReference; lastKnownFileType = sourcecode.swift; path = ContentView.swift; sourceTree = "<group>"; };
		1B0F7C9B27DEC37900A9D973 /* Assets.xcassets */ = {isa = PBXFileReference; lastKnownFileType = folder.assetcatalog; path = Assets.xcassets; sourceTree = "<group>"; };
		1B0F7C9E27DEC37900A9D973 /* Preview Assets.xcassets */ = {isa = PBXFileReference; lastKnownFileType = folder.assetcatalog; path = "Preview Assets.xcassets"; sourceTree = "<group>"; };
		1B0F7CA427DEC37900A9D973 /* DesignCodeiOS15Tests.xctest */ = {isa = PBXFileReference; explicitFileType = wrapper.cfbundle; includeInIndex = 0; path = DesignCodeiOS15Tests.xctest; sourceTree = BUILT_PRODUCTS_DIR; };
		1B0F7CA827DEC37900A9D973 /* DesignCodeiOS15Tests.swift */ = {isa = PBXFileReference; lastKnownFileType = sourcecode.swift; path = DesignCodeiOS15Tests.swift; sourceTree = "<group>"; };
		1B0F7CAE27DEC37900A9D973 /* DesignCodeiOS15UITests.xctest */ = {isa = PBXFileReference; explicitFileType = wrapper.cfbundle; includeInIndex = 0; path = DesignCodeiOS15UITests.xctest; sourceTree = BUILT_PRODUCTS_DIR; };
		1B0F7CB227DEC37900A9D973 /* DesignCodeiOS15UITests.swift */ = {isa = PBXFileReference; lastKnownFileType = sourcecode.swift; path = DesignCodeiOS15UITests.swift; sourceTree = "<group>"; };
		1B0F7CB427DEC37900A9D973 /* DesignCodeiOS15UITestsLaunchTests.swift */ = {isa = PBXFileReference; lastKnownFileType = sourcecode.swift; path = DesignCodeiOS15UITestsLaunchTests.swift; sourceTree = "<group>"; };
		1B33944827E9100F0016F785 /* Tab.swift */ = {isa = PBXFileReference; lastKnownFileType = sourcecode.swift; path = Tab.swift; sourceTree = "<group>"; };
		1B3749F127FB33DE00AA7DB9 /* SearchView.swift */ = {isa = PBXFileReference; lastKnownFileType = sourcecode.swift; path = SearchView.swift; sourceTree = "<group>"; };
		1B3749F327FB477F00AA7DB9 /* Suggestion.swift */ = {isa = PBXFileReference; lastKnownFileType = sourcecode.swift; path = Suggestion.swift; sourceTree = "<group>"; };
		1B3749F527FD1C9E00AA7DB9 /* SignUpView.swift */ = {isa = PBXFileReference; lastKnownFileType = sourcecode.swift; path = SignUpView.swift; sourceTree = "<group>"; };
		1B3749F727FFA1E200AA7DB9 /* AngularButtonStyle.swift */ = {isa = PBXFileReference; lastKnownFileType = sourcecode.swift; path = AngularButtonStyle.swift; sourceTree = "<group>"; };
		1B4FB60F27E925CF0092E8EE /* HomeView.swift */ = {isa = PBXFileReference; lastKnownFileType = sourcecode.swift; path = HomeView.swift; sourceTree = "<group>"; };
		1B4FB61627EE460E0092E8EE /* FeaturedItem.swift */ = {isa = PBXFileReference; lastKnownFileType = sourcecode.swift; path = FeaturedItem.swift; sourceTree = "<group>"; };
		1B4FB61827EE47DC0092E8EE /* NavigationBar.swift */ = {isa = PBXFileReference; lastKnownFileType = sourcecode.swift; path = NavigationBar.swift; sourceTree = "<group>"; };
		1B4FB61A27F0EBF90092E8EE /* PreferenceKeys.swift */ = {isa = PBXFileReference; lastKnownFileType = sourcecode.swift; path = PreferenceKeys.swift; sourceTree = "<group>"; };
		1B4FB61D27F0FEE00092E8EE /* AnimatableFontModifier.swift */ = {isa = PBXFileReference; lastKnownFileType = sourcecode.swift; path = AnimatableFontModifier.swift; sourceTree = "<group>"; };
		1B4FB61F27F102570092E8EE /* Course.swift */ = {isa = PBXFileReference; lastKnownFileType = sourcecode.swift; path = Course.swift; sourceTree = "<group>"; };
		1B4FB62327F11AC70092E8EE /* CourseItem.swift */ = {isa = PBXFileReference; lastKnownFileType = sourcecode.swift; path = CourseItem.swift; sourceTree = "<group>"; };
		1B4FB62527F11BB30092E8EE /* CourseView.swift */ = {isa = PBXFileReference; lastKnownFileType = sourcecode.swift; path = CourseView.swift; sourceTree = "<group>"; };
		1B4FB62727F1229F0092E8EE /* Animations.swift */ = {isa = PBXFileReference; lastKnownFileType = sourcecode.swift; path = Animations.swift; sourceTree = "<group>"; };
		1B4FB62927F15E8D0092E8EE /* Model.swift */ = {isa = PBXFileReference; lastKnownFileType = sourcecode.swift; path = Model.swift; sourceTree = "<group>"; };
		1B5608BC280E1028006F26DA /* CourseSection.swift */ = {isa = PBXFileReference; lastKnownFileType = sourcecode.swift; path = CourseSection.swift; sourceTree = "<group>"; };
		1B5608BE280E1092006F26DA /* SectionRow.swift */ = {isa = PBXFileReference; lastKnownFileType = sourcecode.swift; path = SectionRow.swift; sourceTree = "<group>"; };
		1B5608C0280E125C006F26DA /* SectionView.swift */ = {isa = PBXFileReference; lastKnownFileType = sourcecode.swift; path = SectionView.swift; sourceTree = "<group>"; };
		1B5608C22815D59D006F26DA /* PlayView.swift */ = {isa = PBXFileReference; lastKnownFileType = sourcecode.swift; path = PlayView.swift; sourceTree = "<group>"; };
		1B5608C42815D98A006F26DA /* ExploreView.swift */ = {isa = PBXFileReference; lastKnownFileType = sourcecode.swift; path = ExploreView.swift; sourceTree = "<group>"; };
		1B5608C628160996006F26DA /* SmallCourseItem.swift */ = {isa = PBXFileReference; lastKnownFileType = sourcecode.swift; path = SmallCourseItem.swift; sourceTree = "<group>"; };
		1B5608C8281621B7006F26DA /* Handbook.swift */ = {isa = PBXFileReference; lastKnownFileType = sourcecode.swift; path = Handbook.swift; sourceTree = "<group>"; };
		1B5608CA2816220D006F26DA /* HandbookItem.swift */ = {isa = PBXFileReference; lastKnownFileType = sourcecode.swift; path = HandbookItem.swift; sourceTree = "<group>"; };
		1B5608CC28162794006F26DA /* Topic.swift */ = {isa = PBXFileReference; lastKnownFileType = sourcecode.swift; path = Topic.swift; sourceTree = "<group>"; };
		1B5608CE281627BF006F26DA /* ListRow.swift */ = {isa = PBXFileReference; lastKnownFileType = sourcecode.swift; path = ListRow.swift; sourceTree = "<group>"; };
		1B5608D628162E5A006F26DA /* NotificationsView.swift */ = {isa = PBXFileReference; lastKnownFileType = sourcecode.swift; path = NotificationsView.swift; sourceTree = "<group>"; };
		1B5608D828162F2A006F26DA /* LibraryView.swift */ = {isa = PBXFileReference; lastKnownFileType = sourcecode.swift; path = LibraryView.swift; sourceTree = "<group>"; };
		1B5608DA28162F7B006F26DA /* CertificateView.swift */ = {isa = PBXFileReference; lastKnownFileType = sourcecode.swift; path = CertificateView.swift; sourceTree = "<group>"; };
		1BB9F4B927E7BAE2007282A3 /* Styles.swift */ = {isa = PBXFileReference; lastKnownFileType = sourcecode.swift; path = Styles.swift; sourceTree = "<group>"; };
		1BB9F4BB27E808B8007282A3 /* AccountView.swift */ = {isa = PBXFileReference; lastKnownFileType = sourcecode.swift; path = AccountView.swift; sourceTree = "<group>"; };
		1BB9F4BD27E8231E007282A3 /* HexagonView.swift */ = {isa = PBXFileReference; lastKnownFileType = sourcecode.swift; path = HexagonView.swift; sourceTree = "<group>"; };
		1BB9F4BF27E83559007282A3 /* BlobView.swift */ = {isa = PBXFileReference; lastKnownFileType = sourcecode.swift; path = BlobView.swift; sourceTree = "<group>"; };
		1BB9F4C127E9097A007282A3 /* TabBar.swift */ = {isa = PBXFileReference; lastKnownFileType = sourcecode.swift; path = TabBar.swift; sourceTree = "<group>"; };
		1BC9B0A227FFB7BD00824DA3 /* InputStyle.swift */ = {isa = PBXFileReference; lastKnownFileType = sourcecode.swift; path = InputStyle.swift; sourceTree = "<group>"; };
		1BC9B0A42802768200824DA3 /* ModalView.swift */ = {isa = PBXFileReference; lastKnownFileType = sourcecode.swift; path = ModalView.swift; sourceTree = "<group>"; };
		1BC9B0A62802773000824DA3 /* SignInView.swift */ = {isa = PBXFileReference; lastKnownFileType = sourcecode.swift; path = SignInView.swift; sourceTree = "<group>"; };
		1BC9B0A92802888D00824DA3 /* AvatarView.swift */ = {isa = PBXFileReference; lastKnownFileType = sourcecode.swift; path = AvatarView.swift; sourceTree = "<group>"; };
		1BC9B0AB280B4E2F00824DA3 /* Address.swift */ = {isa = PBXFileReference; lastKnownFileType = sourcecode.swift; path = Address.swift; sourceTree = "<group>"; };
		1BC9B0AD280B4FF300824DA3 /* Coin.swift */ = {isa = PBXFileReference; lastKnownFileType = sourcecode.swift; path = Coin.swift; sourceTree = "<group>"; };
		1BC9B0B1280E0CEF00824DA3 /* CircularView.swift */ = {isa = PBXFileReference; lastKnownFileType = sourcecode.swift; path = CircularView.swift; sourceTree = "<group>"; };
/* End PBXFileReference section */

/* Begin PBXFrameworksBuildPhase section */
		1B0F7C9127DEC37700A9D973 /* Frameworks */ = {
			isa = PBXFrameworksBuildPhase;
			buildActionMask = 2147483647;
			files = (
			);
			runOnlyForDeploymentPostprocessing = 0;
		};
		1B0F7CA127DEC37900A9D973 /* Frameworks */ = {
			isa = PBXFrameworksBuildPhase;
			buildActionMask = 2147483647;
			files = (
			);
			runOnlyForDeploymentPostprocessing = 0;
		};
		1B0F7CAB27DEC37900A9D973 /* Frameworks */ = {
			isa = PBXFrameworksBuildPhase;
			buildActionMask = 2147483647;
			files = (
			);
			runOnlyForDeploymentPostprocessing = 0;
		};
/* End PBXFrameworksBuildPhase section */

/* Begin PBXGroup section */
		1B0F7C8B27DEC37700A9D973 = {
			isa = PBXGroup;
			children = (
				1B0F7C9627DEC37700A9D973 /* DesignCodeiOS15 */,
				1B0F7CA727DEC37900A9D973 /* DesignCodeiOS15Tests */,
				1B0F7CB127DEC37900A9D973 /* DesignCodeiOS15UITests */,
				1B0F7C9527DEC37700A9D973 /* Products */,
			);
			sourceTree = "<group>";
		};
		1B0F7C9527DEC37700A9D973 /* Products */ = {
			isa = PBXGroup;
			children = (
				1B0F7C9427DEC37700A9D973 /* DesignCode.app */,
				1B0F7CA427DEC37900A9D973 /* DesignCodeiOS15Tests.xctest */,
				1B0F7CAE27DEC37900A9D973 /* DesignCodeiOS15UITests.xctest */,
			);
			name = Products;
			sourceTree = "<group>";
		};
		1B0F7C9627DEC37700A9D973 /* DesignCodeiOS15 */ = {
			isa = PBXGroup;
			children = (
				1B0F7C9727DEC37700A9D973 /* DesignCodeiOS15App.swift */,
				1B4FB61127E92A060092E8EE /* Navigation */,
				1B4FB61227E92A130092E8EE /* Views */,
				1B4FB61327E92A240092E8EE /* Components */,
				1B4FB61427E92A310092E8EE /* Models */,
				1B4FB61527E92A4B0092E8EE /* Styles */,
				1B0F7C9B27DEC37900A9D973 /* Assets.xcassets */,
				1B0F7C9D27DEC37900A9D973 /* Preview Content */,
			);
			path = DesignCodeiOS15;
			sourceTree = "<group>";
		};
		1B0F7C9D27DEC37900A9D973 /* Preview Content */ = {
			isa = PBXGroup;
			children = (
				1B0F7C9E27DEC37900A9D973 /* Preview Assets.xcassets */,
			);
			path = "Preview Content";
			sourceTree = "<group>";
		};
		1B0F7CA727DEC37900A9D973 /* DesignCodeiOS15Tests */ = {
			isa = PBXGroup;
			children = (
				1B0F7CA827DEC37900A9D973 /* DesignCodeiOS15Tests.swift */,
			);
			path = DesignCodeiOS15Tests;
			sourceTree = "<group>";
		};
		1B0F7CB127DEC37900A9D973 /* DesignCodeiOS15UITests */ = {
			isa = PBXGroup;
			children = (
				1B0F7CB227DEC37900A9D973 /* DesignCodeiOS15UITests.swift */,
				1B0F7CB427DEC37900A9D973 /* DesignCodeiOS15UITestsLaunchTests.swift */,
			);
			path = DesignCodeiOS15UITests;
			sourceTree = "<group>";
		};
		1B4FB61127E92A060092E8EE /* Navigation */ = {
			isa = PBXGroup;
			children = (
				1BB9F4C127E9097A007282A3 /* TabBar.swift */,
				1B0F7C9927DEC37700A9D973 /* ContentView.swift */,
				1B4FB61827EE47DC0092E8EE /* NavigationBar.swift */,
			);
			path = Navigation;
			sourceTree = "<group>";
		};
		1B4FB61227E92A130092E8EE /* Views */ = {
			isa = PBXGroup;
			children = (
				1B5608D02816293C006F26DA /* Main */,
				1B5608D228162977006F26DA /* Detail */,
				1B5608D128162965006F26DA /* Sheets */,
				1BC9B0A828027E8F00824DA3 /* Modals */,
			);
			path = Views;
			sourceTree = "<group>";
		};
		1B4FB61327E92A240092E8EE /* Components */ = {
			isa = PBXGroup;
			children = (
				1B5608D3281629C3006F26DA /* Items */,
				1B5608D4281629D5006F26DA /* Buttons */,
				1B5608D5281629E4006F26DA /* Graphics */,
			);
			path = Components;
			sourceTree = "<group>";
		};
		1B4FB61427E92A310092E8EE /* Models */ = {
			isa = PBXGroup;
			children = (
				1B33944827E9100F0016F785 /* Tab.swift */,
				1B4FB61A27F0EBF90092E8EE /* PreferenceKeys.swift */,
				1B4FB61F27F102570092E8EE /* Course.swift */,
				1B4FB62927F15E8D0092E8EE /* Model.swift */,
				1B3749F327FB477F00AA7DB9 /* Suggestion.swift */,
				1BC9B0AB280B4E2F00824DA3 /* Address.swift */,
				1BC9B0AD280B4FF300824DA3 /* Coin.swift */,
				1B5608BC280E1028006F26DA /* CourseSection.swift */,
				1B5608C8281621B7006F26DA /* Handbook.swift */,
				1B5608CC28162794006F26DA /* Topic.swift */,
			);
			path = Models;
			sourceTree = "<group>";
		};
		1B4FB61527E92A4B0092E8EE /* Styles */ = {
			isa = PBXGroup;
			children = (
				1BB9F4B927E7BAE2007282A3 /* Styles.swift */,
				1B4FB61D27F0FEE00092E8EE /* AnimatableFontModifier.swift */,
				1B4FB62727F1229F0092E8EE /* Animations.swift */,
				1B3749F727FFA1E200AA7DB9 /* AngularButtonStyle.swift */,
				1BC9B0A227FFB7BD00824DA3 /* InputStyle.swift */,
			);
			path = Styles;
			sourceTree = "<group>";
		};
		1B5608D02816293C006F26DA /* Main */ = {
			isa = PBXGroup;
			children = (
				1B4FB60F27E925CF0092E8EE /* HomeView.swift */,
				1B5608C42815D98A006F26DA /* ExploreView.swift */,
				1B5608D628162E5A006F26DA /* NotificationsView.swift */,
				1B5608D828162F2A006F26DA /* LibraryView.swift */,
			);
			path = Main;
			sourceTree = "<group>";
		};
		1B5608D128162965006F26DA /* Sheets */ = {
			isa = PBXGroup;
			children = (
				1BB9F4BB27E808B8007282A3 /* AccountView.swift */,
				1B3749F127FB33DE00AA7DB9 /* SearchView.swift */,
			);
			path = Sheets;
			sourceTree = "<group>";
		};
		1B5608D228162977006F26DA /* Detail */ = {
			isa = PBXGroup;
			children = (
				1B4FB62527F11BB30092E8EE /* CourseView.swift */,
				1B5608C0280E125C006F26DA /* SectionView.swift */,
			);
			path = Detail;
			sourceTree = "<group>";
		};
		1B5608D3281629C3006F26DA /* Items */ = {
			isa = PBXGroup;
			children = (
				1B4FB61627EE460E0092E8EE /* FeaturedItem.swift */,
				1B4FB62327F11AC70092E8EE /* CourseItem.swift */,
				1B5608BE280E1092006F26DA /* SectionRow.swift */,
				1B5608C628160996006F26DA /* SmallCourseItem.swift */,
				1B5608CA2816220D006F26DA /* HandbookItem.swift */,
				1B5608CE281627BF006F26DA /* ListRow.swift */,
				1B5608DA28162F7B006F26DA /* CertificateView.swift */,
			);
			path = Items;
			sourceTree = "<group>";
		};
		1B5608D4281629D5006F26DA /* Buttons */ = {
			isa = PBXGroup;
			children = (
				1BC9B0A92802888D00824DA3 /* AvatarView.swift */,
				1B5608C22815D59D006F26DA /* PlayView.swift */,
			);
			path = Buttons;
			sourceTree = "<group>";
		};
		1B5608D5281629E4006F26DA /* Graphics */ = {
			isa = PBXGroup;
			children = (
				1BB9F4BF27E83559007282A3 /* BlobView.swift */,
				1BB9F4BD27E8231E007282A3 /* HexagonView.swift */,
				1BC9B0B1280E0CEF00824DA3 /* CircularView.swift */,
			);
			path = Graphics;
			sourceTree = "<group>";
		};
		1BC9B0A828027E8F00824DA3 /* Modals */ = {
			isa = PBXGroup;
			children = (
				1B3749F527FD1C9E00AA7DB9 /* SignUpView.swift */,
				1BC9B0A42802768200824DA3 /* ModalView.swift */,
				1BC9B0A62802773000824DA3 /* SignInView.swift */,
			);
			path = Modals;
			sourceTree = "<group>";
		};
/* End PBXGroup section */

/* Begin PBXNativeTarget section */
		1B0F7C9327DEC37700A9D973 /* DesignCodeiOS15 */ = {
			isa = PBXNativeTarget;
			buildConfigurationList = 1B0F7CB827DEC37900A9D973 /* Build configuration list for PBXNativeTarget "DesignCodeiOS15" */;
			buildPhases = (
				1B0F7C9027DEC37700A9D973 /* Sources */,
				1B0F7C9127DEC37700A9D973 /* Frameworks */,
				1B0F7C9227DEC37700A9D973 /* Resources */,
			);
			buildRules = (
			);
			dependencies = (
			);
			name = DesignCodeiOS15;
			productName = DesignCodeiOS15;
			productReference = 1B0F7C9427DEC37700A9D973 /* DesignCode.app */;
			productType = "com.apple.product-type.application";
		};
		1B0F7CA327DEC37900A9D973 /* DesignCodeiOS15Tests */ = {
			isa = PBXNativeTarget;
			buildConfigurationList = 1B0F7CBB27DEC37900A9D973 /* Build configuration list for PBXNativeTarget "DesignCodeiOS15Tests" */;
			buildPhases = (
				1B0F7CA027DEC37900A9D973 /* Sources */,
				1B0F7CA127DEC37900A9D973 /* Frameworks */,
				1B0F7CA227DEC37900A9D973 /* Resources */,
			);
			buildRules = (
			);
			dependencies = (
				1B0F7CA627DEC37900A9D973 /* PBXTargetDependency */,
			);
			name = DesignCodeiOS15Tests;
			productName = DesignCodeiOS15Tests;
			productReference = 1B0F7CA427DEC37900A9D973 /* DesignCodeiOS15Tests.xctest */;
			productType = "com.apple.product-type.bundle.unit-test";
		};
		1B0F7CAD27DEC37900A9D973 /* DesignCodeiOS15UITests */ = {
			isa = PBXNativeTarget;
			buildConfigurationList = 1B0F7CBE27DEC37900A9D973 /* Build configuration list for PBXNativeTarget "DesignCodeiOS15UITests" */;
			buildPhases = (
				1B0F7CAA27DEC37900A9D973 /* Sources */,
				1B0F7CAB27DEC37900A9D973 /* Frameworks */,
				1B0F7CAC27DEC37900A9D973 /* Resources */,
			);
			buildRules = (
			);
			dependencies = (
				1B0F7CB027DEC37900A9D973 /* PBXTargetDependency */,
			);
			name = DesignCodeiOS15UITests;
			productName = DesignCodeiOS15UITests;
			productReference = 1B0F7CAE27DEC37900A9D973 /* DesignCodeiOS15UITests.xctest */;
			productType = "com.apple.product-type.bundle.ui-testing";
		};
/* End PBXNativeTarget section */

/* Begin PBXProject section */
		1B0F7C8C27DEC37700A9D973 /* Project object */ = {
			isa = PBXProject;
			attributes = {
				BuildIndependentTargetsInParallel = 1;
				LastSwiftUpdateCheck = 1320;
				LastUpgradeCheck = 1320;
				TargetAttributes = {
					1B0F7C9327DEC37700A9D973 = {
						CreatedOnToolsVersion = 13.2.1;
					};
					1B0F7CA327DEC37900A9D973 = {
						CreatedOnToolsVersion = 13.2.1;
						TestTargetID = 1B0F7C9327DEC37700A9D973;
					};
					1B0F7CAD27DEC37900A9D973 = {
						CreatedOnToolsVersion = 13.2.1;
						TestTargetID = 1B0F7C9327DEC37700A9D973;
					};
				};
			};
			buildConfigurationList = 1B0F7C8F27DEC37700A9D973 /* Build configuration list for PBXProject "DesignCodeiOS15" */;
			compatibilityVersion = "Xcode 13.0";
			developmentRegion = en;
			hasScannedForEncodings = 0;
			knownRegions = (
				en,
				Base,
			);
			mainGroup = 1B0F7C8B27DEC37700A9D973;
			productRefGroup = 1B0F7C9527DEC37700A9D973 /* Products */;
			projectDirPath = "";
			projectRoot = "";
			targets = (
				1B0F7C9327DEC37700A9D973 /* DesignCodeiOS15 */,
				1B0F7CA327DEC37900A9D973 /* DesignCodeiOS15Tests */,
				1B0F7CAD27DEC37900A9D973 /* DesignCodeiOS15UITests */,
			);
		};
/* End PBXProject section */

/* Begin PBXResourcesBuildPhase section */
		1B0F7C9227DEC37700A9D973 /* Resources */ = {
			isa = PBXResourcesBuildPhase;
			buildActionMask = 2147483647;
			files = (
				1B0F7C9F27DEC37900A9D973 /* Preview Assets.xcassets in Resources */,
				1B0F7C9C27DEC37900A9D973 /* Assets.xcassets in Resources */,
			);
			runOnlyForDeploymentPostprocessing = 0;
		};
		1B0F7CA227DEC37900A9D973 /* Resources */ = {
			isa = PBXResourcesBuildPhase;
			buildActionMask = 2147483647;
			files = (
			);
			runOnlyForDeploymentPostprocessing = 0;
		};
		1B0F7CAC27DEC37900A9D973 /* Resources */ = {
			isa = PBXResourcesBuildPhase;
			buildActionMask = 2147483647;
			files = (
			);
			runOnlyForDeploymentPostprocessing = 0;
		};
/* End PBXResourcesBuildPhase section */

/* Begin PBXSourcesBuildPhase section */
		1B0F7C9027DEC37700A9D973 /* Sources */ = {
			isa = PBXSourcesBuildPhase;
			buildActionMask = 2147483647;
			files = (
				1B3749F227FB33DE00AA7DB9 /* SearchView.swift in Sources */,
				1B4FB61027E925CF0092E8EE /* HomeView.swift in Sources */,
				1B5608C1280E125C006F26DA /* SectionView.swift in Sources */,
				1BB9F4BC27E808B8007282A3 /* AccountView.swift in Sources */,
				1B5608CF281627BF006F26DA /* ListRow.swift in Sources */,
				1B5608C32815D59E006F26DA /* PlayView.swift in Sources */,
				1B4FB62627F11BB30092E8EE /* CourseView.swift in Sources */,
				1BB9F4BE27E8231E007282A3 /* HexagonView.swift in Sources */,
				1B3749F427FB477F00AA7DB9 /* Suggestion.swift in Sources */,
				1BC9B0AC280B4E2F00824DA3 /* Address.swift in Sources */,
				1BB9F4BA27E7BAE2007282A3 /* Styles.swift in Sources */,
				1BC9B0AA2802888D00824DA3 /* AvatarView.swift in Sources */,
				1B5608CB2816220D006F26DA /* HandbookItem.swift in Sources */,
				1B33944927E9100F0016F785 /* Tab.swift in Sources */,
				1B4FB61927EE47DC0092E8EE /* NavigationBar.swift in Sources */,
				1B5608C52815D98A006F26DA /* ExploreView.swift in Sources */,
				1B3749F827FFA1E200AA7DB9 /* AngularButtonStyle.swift in Sources */,
				1B5608C9281621B7006F26DA /* Handbook.swift in Sources */,
				1BB9F4C027E83559007282A3 /* BlobView.swift in Sources */,
				1BC9B0A72802773000824DA3 /* SignInView.swift in Sources */,
				1B5608DB28162F7B006F26DA /* CertificateView.swift in Sources */,
				1BC9B0B2280E0CEF00824DA3 /* CircularView.swift in Sources */,
				1B5608BD280E1028006F26DA /* CourseSection.swift in Sources */,
				1B5608D928162F2A006F26DA /* LibraryView.swift in Sources */,
				1BC9B0AE280B4FF300824DA3 /* Coin.swift in Sources */,
				1B5608C728160996006F26DA /* SmallCourseItem.swift in Sources */,
				1B0F7C9A27DEC37700A9D973 /* ContentView.swift in Sources */,
				1B4FB62027F102570092E8EE /* Course.swift in Sources */,
				1B0F7C9827DEC37700A9D973 /* DesignCodeiOS15App.swift in Sources */,
				1B4FB62427F11AC70092E8EE /* CourseItem.swift in Sources */,
				1B4FB61727EE460E0092E8EE /* FeaturedItem.swift in Sources */,
				1B3749F627FD1C9E00AA7DB9 /* SignUpView.swift in Sources */,
				1B5608BF280E1092006F26DA /* SectionRow.swift in Sources */,
				1B5608D728162E5A006F26DA /* NotificationsView.swift in Sources */,
				1B4FB62827F1229F0092E8EE /* Animations.swift in Sources */,
				1B4FB61B27F0EBF90092E8EE /* PreferenceKeys.swift in Sources */,
				1BC9B0A327FFB7BD00824DA3 /* InputStyle.swift in Sources */,
				1B5608CD28162794006F26DA /* Topic.swift in Sources */,
				1B4FB62A27F15E8D0092E8EE /* Model.swift in Sources */,
				1BB9F4C227E9097A007282A3 /* TabBar.swift in Sources */,
				1B4FB61E27F0FEE00092E8EE /* AnimatableFontModifier.swift in Sources */,
				1BC9B0A52802768200824DA3 /* ModalView.swift in Sources */,
			);
			runOnlyForDeploymentPostprocessing = 0;
		};
		1B0F7CA027DEC37900A9D973 /* Sources */ = {
			isa = PBXSourcesBuildPhase;
			buildActionMask = 2147483647;
			files = (
				1B0F7CA927DEC37900A9D973 /* DesignCodeiOS15Tests.swift in Sources */,
			);
			runOnlyForDeploymentPostprocessing = 0;
		};
		1B0F7CAA27DEC37900A9D973 /* Sources */ = {
			isa = PBXSourcesBuildPhase;
			buildActionMask = 2147483647;
			files = (
				1B0F7CB327DEC37900A9D973 /* DesignCodeiOS15UITests.swift in Sources */,
				1B0F7CB527DEC37900A9D973 /* DesignCodeiOS15UITestsLaunchTests.swift in Sources */,
			);
			runOnlyForDeploymentPostprocessing = 0;
		};
/* End PBXSourcesBuildPhase section */

/* Begin PBXTargetDependency section */
		1B0F7CA627DEC37900A9D973 /* PBXTargetDependency */ = {
			isa = PBXTargetDependency;
			target = 1B0F7C9327DEC37700A9D973 /* DesignCodeiOS15 */;
			targetProxy = 1B0F7CA527DEC37900A9D973 /* PBXContainerItemProxy */;
		};
		1B0F7CB027DEC37900A9D973 /* PBXTargetDependency */ = {
			isa = PBXTargetDependency;
			target = 1B0F7C9327DEC37700A9D973 /* DesignCodeiOS15 */;
			targetProxy = 1B0F7CAF27DEC37900A9D973 /* PBXContainerItemProxy */;
		};
/* End PBXTargetDependency section */

/* Begin XCBuildConfiguration section */
		1B0F7CB627DEC37900A9D973 /* Debug */ = {
			isa = XCBuildConfiguration;
			buildSettings = {
				ALWAYS_SEARCH_USER_PATHS = NO;
				CLANG_ANALYZER_NONNULL = YES;
				CLANG_ANALYZER_NUMBER_OBJECT_CONVERSION = YES_AGGRESSIVE;
				CLANG_CXX_LANGUAGE_STANDARD = "gnu++17";
				CLANG_CXX_LIBRARY = "libc++";
				CLANG_ENABLE_MODULES = YES;
				CLANG_ENABLE_OBJC_ARC = YES;
				CLANG_ENABLE_OBJC_WEAK = YES;
				CLANG_WARN_BLOCK_CAPTURE_AUTORELEASING = YES;
				CLANG_WARN_BOOL_CONVERSION = YES;
				CLANG_WARN_COMMA = YES;
				CLANG_WARN_CONSTANT_CONVERSION = YES;
				CLANG_WARN_DEPRECATED_OBJC_IMPLEMENTATIONS = YES;
				CLANG_WARN_DIRECT_OBJC_ISA_USAGE = YES_ERROR;
				CLANG_WARN_DOCUMENTATION_COMMENTS = YES;
				CLANG_WARN_EMPTY_BODY = YES;
				CLANG_WARN_ENUM_CONVERSION = YES;
				CLANG_WARN_INFINITE_RECURSION = YES;
				CLANG_WARN_INT_CONVERSION = YES;
				CLANG_WARN_NON_LITERAL_NULL_CONVERSION = YES;
				CLANG_WARN_OBJC_IMPLICIT_RETAIN_SELF = YES;
				CLANG_WARN_OBJC_LITERAL_CONVERSION = YES;
				CLANG_WARN_OBJC_ROOT_CLASS = YES_ERROR;
				CLANG_WARN_QUOTED_INCLUDE_IN_FRAMEWORK_HEADER = YES;
				CLANG_WARN_RANGE_LOOP_ANALYSIS = YES;
				CLANG_WARN_STRICT_PROTOTYPES = YES;
				CLANG_WARN_SUSPICIOUS_MOVE = YES;
				CLANG_WARN_UNGUARDED_AVAILABILITY = YES_AGGRESSIVE;
				CLANG_WARN_UNREACHABLE_CODE = YES;
				CLANG_WARN__DUPLICATE_METHOD_MATCH = YES;
				COPY_PHASE_STRIP = NO;
				DEBUG_INFORMATION_FORMAT = dwarf;
				ENABLE_STRICT_OBJC_MSGSEND = YES;
				ENABLE_TESTABILITY = YES;
				GCC_C_LANGUAGE_STANDARD = gnu11;
				GCC_DYNAMIC_NO_PIC = NO;
				GCC_NO_COMMON_BLOCKS = YES;
				GCC_OPTIMIZATION_LEVEL = 0;
				GCC_PREPROCESSOR_DEFINITIONS = (
					"DEBUG=1",
					"$(inherited)",
				);
				GCC_WARN_64_TO_32_BIT_CONVERSION = YES;
				GCC_WARN_ABOUT_RETURN_TYPE = YES_ERROR;
				GCC_WARN_UNDECLARED_SELECTOR = YES;
				GCC_WARN_UNINITIALIZED_AUTOS = YES_AGGRESSIVE;
				GCC_WARN_UNUSED_FUNCTION = YES;
				GCC_WARN_UNUSED_VARIABLE = YES;
				IPHONEOS_DEPLOYMENT_TARGET = 15.2;
				MTL_ENABLE_DEBUG_INFO = INCLUDE_SOURCE;
				MTL_FAST_MATH = YES;
				ONLY_ACTIVE_ARCH = YES;
				SDKROOT = iphoneos;
				SWIFT_ACTIVE_COMPILATION_CONDITIONS = DEBUG;
				SWIFT_OPTIMIZATION_LEVEL = "-Onone";
			};
			name = Debug;
		};
		1B0F7CB727DEC37900A9D973 /* Release */ = {
			isa = XCBuildConfiguration;
			buildSettings = {
				ALWAYS_SEARCH_USER_PATHS = NO;
				CLANG_ANALYZER_NONNULL = YES;
				CLANG_ANALYZER_NUMBER_OBJECT_CONVERSION = YES_AGGRESSIVE;
				CLANG_CXX_LANGUAGE_STANDARD = "gnu++17";
				CLANG_CXX_LIBRARY = "libc++";
				CLANG_ENABLE_MODULES = YES;
				CLANG_ENABLE_OBJC_ARC = YES;
				CLANG_ENABLE_OBJC_WEAK = YES;
				CLANG_WARN_BLOCK_CAPTURE_AUTORELEASING = YES;
				CLANG_WARN_BOOL_CONVERSION = YES;
				CLANG_WARN_COMMA = YES;
				CLANG_WARN_CONSTANT_CONVERSION = YES;
				CLANG_WARN_DEPRECATED_OBJC_IMPLEMENTATIONS = YES;
				CLANG_WARN_DIRECT_OBJC_ISA_USAGE = YES_ERROR;
				CLANG_WARN_DOCUMENTATION_COMMENTS = YES;
				CLANG_WARN_EMPTY_BODY = YES;
				CLANG_WARN_ENUM_CONVERSION = YES;
				CLANG_WARN_INFINITE_RECURSION = YES;
				CLANG_WARN_INT_CONVERSION = YES;
				CLANG_WARN_NON_LITERAL_NULL_CONVERSION = YES;
				CLANG_WARN_OBJC_IMPLICIT_RETAIN_SELF = YES;
				CLANG_WARN_OBJC_LITERAL_CONVERSION = YES;
				CLANG_WARN_OBJC_ROOT_CLASS = YES_ERROR;
				CLANG_WARN_QUOTED_INCLUDE_IN_FRAMEWORK_HEADER = YES;
				CLANG_WARN_RANGE_LOOP_ANALYSIS = YES;
				CLANG_WARN_STRICT_PROTOTYPES = YES;
				CLANG_WARN_SUSPICIOUS_MOVE = YES;
				CLANG_WARN_UNGUARDED_AVAILABILITY = YES_AGGRESSIVE;
				CLANG_WARN_UNREACHABLE_CODE = YES;
				CLANG_WARN__DUPLICATE_METHOD_MATCH = YES;
				COPY_PHASE_STRIP = NO;
				DEBUG_INFORMATION_FORMAT = "dwarf-with-dsym";
				ENABLE_NS_ASSERTIONS = NO;
				ENABLE_STRICT_OBJC_MSGSEND = YES;
				GCC_C_LANGUAGE_STANDARD = gnu11;
				GCC_NO_COMMON_BLOCKS = YES;
				GCC_WARN_64_TO_32_BIT_CONVERSION = YES;
				GCC_WARN_ABOUT_RETURN_TYPE = YES_ERROR;
				GCC_WARN_UNDECLARED_SELECTOR = YES;
				GCC_WARN_UNINITIALIZED_AUTOS = YES_AGGRESSIVE;
				GCC_WARN_UNUSED_FUNCTION = YES;
				GCC_WARN_UNUSED_VARIABLE = YES;
				IPHONEOS_DEPLOYMENT_TARGET = 15.2;
				MTL_ENABLE_DEBUG_INFO = NO;
				MTL_FAST_MATH = YES;
				SDKROOT = iphoneos;
				SWIFT_COMPILATION_MODE = wholemodule;
				SWIFT_OPTIMIZATION_LEVEL = "-O";
				VALIDATE_PRODUCT = YES;
			};
			name = Release;
		};
		1B0F7CB927DEC37900A9D973 /* Debug */ = {
			isa = XCBuildConfiguration;
			buildSettings = {
				ASSETCATALOG_COMPILER_APPICON_NAME = AppIcon;
				ASSETCATALOG_COMPILER_GLOBAL_ACCENT_COLOR_NAME = AccentColor;
				CODE_SIGN_STYLE = Automatic;
				CURRENT_PROJECT_VERSION = 1;
				DEVELOPMENT_ASSET_PATHS = "\"DesignCodeiOS15/Preview Content\"";
				DEVELOPMENT_TEAM = 6JUYUQGJ4X;
				ENABLE_PREVIEWS = YES;
				GENERATE_INFOPLIST_FILE = YES;
				INFOPLIST_KEY_UIApplicationSceneManifest_Generation = YES;
				INFOPLIST_KEY_UIApplicationSupportsIndirectInputEvents = YES;
				INFOPLIST_KEY_UILaunchScreen_Generation = YES;
				INFOPLIST_KEY_UISupportedInterfaceOrientations_iPad = "UIInterfaceOrientationPortrait UIInterfaceOrientationPortraitUpsideDown UIInterfaceOrientationLandscapeLeft UIInterfaceOrientationLandscapeRight";
				INFOPLIST_KEY_UISupportedInterfaceOrientations_iPhone = "UIInterfaceOrientationPortrait UIInterfaceOrientationLandscapeLeft UIInterfaceOrientationLandscapeRight";
				IPHONEOS_DEPLOYMENT_TARGET = 15.2;
				LD_RUNPATH_SEARCH_PATHS = (
					"$(inherited)",
					"@executable_path/Frameworks",
				);
				MARKETING_VERSION = 1.0;
				PRODUCT_BUNDLE_IDENTIFIER = io.designcode.DesignCodeiOS15;
				PRODUCT_NAME = DesignCode;
				SWIFT_EMIT_LOC_STRINGS = YES;
				SWIFT_VERSION = 5.0;
				TARGETED_DEVICE_FAMILY = "1,2";
			};
			name = Debug;
		};
		1B0F7CBA27DEC37900A9D973 /* Release */ = {
			isa = XCBuildConfiguration;
			buildSettings = {
				ASSETCATALOG_COMPILER_APPICON_NAME = AppIcon;
				ASSETCATALOG_COMPILER_GLOBAL_ACCENT_COLOR_NAME = AccentColor;
				CODE_SIGN_STYLE = Automatic;
				CURRENT_PROJECT_VERSION = 1;
				DEVELOPMENT_ASSET_PATHS = "\"DesignCodeiOS15/Preview Content\"";
				DEVELOPMENT_TEAM = 6JUYUQGJ4X;
				ENABLE_PREVIEWS = YES;
				GENERATE_INFOPLIST_FILE = YES;
				INFOPLIST_KEY_UIApplicationSceneManifest_Generation = YES;
				INFOPLIST_KEY_UIApplicationSupportsIndirectInputEvents = YES;
				INFOPLIST_KEY_UILaunchScreen_Generation = YES;
				INFOPLIST_KEY_UISupportedInterfaceOrientations_iPad = "UIInterfaceOrientationPortrait UIInterfaceOrientationPortraitUpsideDown UIInterfaceOrientationLandscapeLeft UIInterfaceOrientationLandscapeRight";
				INFOPLIST_KEY_UISupportedInterfaceOrientations_iPhone = "UIInterfaceOrientationPortrait UIInterfaceOrientationLandscapeLeft UIInterfaceOrientationLandscapeRight";
				IPHONEOS_DEPLOYMENT_TARGET = 15.2;
				LD_RUNPATH_SEARCH_PATHS = (
					"$(inherited)",
					"@executable_path/Frameworks",
				);
				MARKETING_VERSION = 1.0;
				PRODUCT_BUNDLE_IDENTIFIER = io.designcode.DesignCodeiOS15;
				PRODUCT_NAME = DesignCode;
				SWIFT_EMIT_LOC_STRINGS = YES;
				SWIFT_VERSION = 5.0;
				TARGETED_DEVICE_FAMILY = "1,2";
			};
			name = Release;
		};
		1B0F7CBC27DEC37900A9D973 /* Debug */ = {
			isa = XCBuildConfiguration;
			buildSettings = {
				ALWAYS_EMBED_SWIFT_STANDARD_LIBRARIES = YES;
				BUNDLE_LOADER = "$(TEST_HOST)";
				CODE_SIGN_STYLE = Automatic;
				CURRENT_PROJECT_VERSION = 1;
				DEVELOPMENT_TEAM = 6JUYUQGJ4X;
				GENERATE_INFOPLIST_FILE = YES;
				IPHONEOS_DEPLOYMENT_TARGET = 15.2;
				MARKETING_VERSION = 1.0;
				PRODUCT_BUNDLE_IDENTIFIER = io.designcode.DesignCodeiOS15Tests;
				PRODUCT_NAME = "$(TARGET_NAME)";
				SWIFT_EMIT_LOC_STRINGS = NO;
				SWIFT_VERSION = 5.0;
				TARGETED_DEVICE_FAMILY = "1,2";
				TEST_HOST = "$(BUILT_PRODUCTS_DIR)/DesignCodeiOS15.app/DesignCodeiOS15";
			};
			name = Debug;
		};
		1B0F7CBD27DEC37900A9D973 /* Release */ = {
			isa = XCBuildConfiguration;
			buildSettings = {
				ALWAYS_EMBED_SWIFT_STANDARD_LIBRARIES = YES;
				BUNDLE_LOADER = "$(TEST_HOST)";
				CODE_SIGN_STYLE = Automatic;
				CURRENT_PROJECT_VERSION = 1;
				DEVELOPMENT_TEAM = 6JUYUQGJ4X;
				GENERATE_INFOPLIST_FILE = YES;
				IPHONEOS_DEPLOYMENT_TARGET = 15.2;
				MARKETING_VERSION = 1.0;
				PRODUCT_BUNDLE_IDENTIFIER = io.designcode.DesignCodeiOS15Tests;
				PRODUCT_NAME = "$(TARGET_NAME)";
				SWIFT_EMIT_LOC_STRINGS = NO;
				SWIFT_VERSION = 5.0;
				TARGETED_DEVICE_FAMILY = "1,2";
				TEST_HOST = "$(BUILT_PRODUCTS_DIR)/DesignCodeiOS15.app/DesignCodeiOS15";
			};
			name = Release;
		};
		1B0F7CBF27DEC37900A9D973 /* Debug */ = {
			isa = XCBuildConfiguration;
			buildSettings = {
				ALWAYS_EMBED_SWIFT_STANDARD_LIBRARIES = YES;
				CODE_SIGN_STYLE = Automatic;
				CURRENT_PROJECT_VERSION = 1;
				DEVELOPMENT_TEAM = 6JUYUQGJ4X;
				GENERATE_INFOPLIST_FILE = YES;
				MARKETING_VERSION = 1.0;
				PRODUCT_BUNDLE_IDENTIFIER = io.designcode.DesignCodeiOS15UITests;
				PRODUCT_NAME = "$(TARGET_NAME)";
				SWIFT_EMIT_LOC_STRINGS = NO;
				SWIFT_VERSION = 5.0;
				TARGETED_DEVICE_FAMILY = "1,2";
				TEST_TARGET_NAME = DesignCodeiOS15;
			};
			name = Debug;
		};
		1B0F7CC027DEC37900A9D973 /* Release */ = {
			isa = XCBuildConfiguration;
			buildSettings = {
				ALWAYS_EMBED_SWIFT_STANDARD_LIBRARIES = YES;
				CODE_SIGN_STYLE = Automatic;
				CURRENT_PROJECT_VERSION = 1;
				DEVELOPMENT_TEAM = 6JUYUQGJ4X;
				GENERATE_INFOPLIST_FILE = YES;
				MARKETING_VERSION = 1.0;
				PRODUCT_BUNDLE_IDENTIFIER = io.designcode.DesignCodeiOS15UITests;
				PRODUCT_NAME = "$(TARGET_NAME)";
				SWIFT_EMIT_LOC_STRINGS = NO;
				SWIFT_VERSION = 5.0;
				TARGETED_DEVICE_FAMILY = "1,2";
				TEST_TARGET_NAME = DesignCodeiOS15;
			};
			name = Release;
		};
/* End XCBuildConfiguration section */

/* Begin XCConfigurationList section */
		1B0F7C8F27DEC37700A9D973 /* Build configuration list for PBXProject "DesignCodeiOS15" */ = {
			isa = XCConfigurationList;
			buildConfigurations = (
				1B0F7CB627DEC37900A9D973 /* Debug */,
				1B0F7CB727DEC37900A9D973 /* Release */,
			);
			defaultConfigurationIsVisible = 0;
			defaultConfigurationName = Release;
		};
		1B0F7CB827DEC37900A9D973 /* Build configuration list for PBXNativeTarget "DesignCodeiOS15" */ = {
			isa = XCConfigurationList;
			buildConfigurations = (
				1B0F7CB927DEC37900A9D973 /* Debug */,
				1B0F7CBA27DEC37900A9D973 /* Release */,
			);
			defaultConfigurationIsVisible = 0;
			defaultConfigurationName = Release;
		};
		1B0F7CBB27DEC37900A9D973 /* Build configuration list for PBXNativeTarget "DesignCodeiOS15Tests" */ = {
			isa = XCConfigurationList;
			buildConfigurations = (
				1B0F7CBC27DEC37900A9D973 /* Debug */,
				1B0F7CBD27DEC37900A9D973 /* Release */,
			);
			defaultConfigurationIsVisible = 0;
			defaultConfigurationName = Release;
		};
		1B0F7CBE27DEC37900A9D973 /* Build configuration list for PBXNativeTarget "DesignCodeiOS15UITests" */ = {
			isa = XCConfigurationList;
			buildConfigurations = (
				1B0F7CBF27DEC37900A9D973 /* Debug */,
				1B0F7CC027DEC37900A9D973 /* Release */,
			);
			defaultConfigurationIsVisible = 0;
			defaultConfigurationName = Release;
		};
/* End XCConfigurationList section */
	};
	rootObject = 1B0F7C8C27DEC37700A9D973 /* Project object */;
}
